
Microsoft Visual Studio Solution File, Format Version 12.00
Project("{FAE04EC0-301F-11D3-BF4B-00C04F79EFBC}") = "Crypto1", "Crypto1\Crypto1.csproj", "{C8D368A2-40BC-49F0-88B9-B8F5E726B346}"
EndProject
Project("{FAE04EC0-301F-11D3-BF4B-00C04F79EFBC}") = "Crypto2", "Crypto2\Crypto2.csproj", "{3E5EB18D-3640-4952-AF3E-98C55DBE1CA9}"
EndProject
Project("{FAE04EC0-301F-11D3-BF4B-00C04F79EFBC}") = "Crypto3", "Crypto3\Crypto3.csproj", "{1EF3CDC1-5FCF-4EBB-9393-BE370D60C517}"
EndProject
Project("{FAE04EC0-301F-11D3-BF4B-00C04F79EFBC}") = "CourseWork", "CourseWork\CourseWork.csproj", "{2460A432-100E-4DF0-93A1-D58B481F5746}"
EndProject
Project("{2150E333-8FDC-42A3-9474-1A3956D46DE8}") = "Labs", "Labs", "{41565701-648F-4A69-8735-7B4995E69642}"
EndProject
Project("{2150E333-8FDC-42A3-9474-1A3956D46DE8}") = "CourseWork", "CourseWork", "{50D47108-B513-4E6F-B266-29CCCA5D5C5F}"
EndProject
Global
	GlobalSection(SolutionConfigurationPlatforms) = preSolution
		Debug|Any CPU = Debug|Any CPU
		Release|Any CPU = Release|Any CPU
	EndGlobalSection
	GlobalSection(ProjectConfigurationPlatforms) = postSolution
		{C8D368A2-40BC-49F0-88B9-B8F5E726B346}.Debug|Any CPU.ActiveCfg = Debug|Any CPU
		{C8D368A2-40BC-49F0-88B9-B8F5E726B346}.Debug|Any CPU.Build.0 = Debug|Any CPU
		{C8D368A2-40BC-49F0-88B9-B8F5E726B346}.Release|Any CPU.ActiveCfg = Release|Any CPU
		{C8D368A2-40BC-49F0-88B9-B8F5E726B346}.Release|Any CPU.Build.0 = Release|Any CPU
		{3E5EB18D-3640-4952-AF3E-98C55DBE1CA9}.Debug|Any CPU.ActiveCfg = Debug|Any CPU
		{3E5EB18D-3640-4952-AF3E-98C55DBE1CA9}.Debug|Any CPU.Build.0 = Debug|Any CPU
		{3E5EB18D-3640-4952-AF3E-98C55DBE1CA9}.Release|Any CPU.ActiveCfg = Release|Any CPU
		{3E5EB18D-3640-4952-AF3E-98C55DBE1CA9}.Release|Any CPU.Build.0 = Release|Any CPU
		{1EF3CDC1-5FCF-4EBB-9393-BE370D60C517}.Debug|Any CPU.ActiveCfg = Debug|Any CPU
		{1EF3CDC1-5FCF-4EBB-9393-BE370D60C517}.Debug|Any CPU.Build.0 = Debug|Any CPU
		{1EF3CDC1-5FCF-4EBB-9393-BE370D60C517}.Release|Any CPU.ActiveCfg = Release|Any CPU
		{1EF3CDC1-5FCF-4EBB-9393-BE370D60C517}.Release|Any CPU.Build.0 = Release|Any CPU
		{2460A432-100E-4DF0-93A1-D58B481F5746}.Debug|Any CPU.ActiveCfg = Debug|Any CPU
		{2460A432-100E-4DF0-93A1-D58B481F5746}.Debug|Any CPU.Build.0 = Debug|Any CPU
		{2460A432-100E-4DF0-93A1-D58B481F5746}.Release|Any CPU.ActiveCfg = Release|Any CPU
		{2460A432-100E-4DF0-93A1-D58B481F5746}.Release|Any CPU.Build.0 = Release|Any CPU
	EndGlobalSection
	GlobalSection(NestedProjects) = preSolution
		{C8D368A2-40BC-49F0-88B9-B8F5E726B346} = {41565701-648F-4A69-8735-7B4995E69642}
		{3E5EB18D-3640-4952-AF3E-98C55DBE1CA9} = {41565701-648F-4A69-8735-7B4995E69642}
		{1EF3CDC1-5FCF-4EBB-9393-BE370D60C517} = {41565701-648F-4A69-8735-7B4995E69642}
		{2460A432-100E-4DF0-93A1-D58B481F5746} = {50D47108-B513-4E6F-B266-29CCCA5D5C5F}
	EndGlobalSection
EndGlobal
