
Microsoft Visual Studio Solution File, Format Version 12.00
Project("{FAE04EC0-301F-11D3-BF4B-00C04F79EFBC}") = "Crypto1", "Crypto1\Crypto1.csproj", "{0819F0F2-B55F-4776-A867-033EDBE089F7}"
EndProject
Global
	GlobalSection(SolutionConfigurationPlatforms) = preSolution
		Debug|Any CPU = Debug|Any CPU
		Release|Any CPU = Release|Any CPU
	EndGlobalSection
	GlobalSection(ProjectConfigurationPlatforms) = postSolution
		{0819F0F2-B55F-4776-A867-033EDBE089F7}.Debug|Any CPU.ActiveCfg = Debug|Any CPU
		{0819F0F2-B55F-4776-A867-033EDBE089F7}.Debug|Any CPU.Build.0 = Debug|Any CPU
		{0819F0F2-B55F-4776-A867-033EDBE089F7}.Release|Any CPU.ActiveCfg = Release|Any CPU
		{0819F0F2-B55F-4776-A867-033EDBE089F7}.Release|Any CPU.Build.0 = Release|Any CPU
	EndGlobalSection
EndGlobal
