
Microsoft Visual Studio Solution File, Format Version 12.00
Project("{FAE04EC0-301F-11D3-BF4B-00C04F79EFBC}") = "Crypto1", "Crypto1\Crypto1.csproj", "{C8D368A2-40BC-49F0-88B9-B8F5E726B346}"
EndProject
Project("{FAE04EC0-301F-11D3-BF4B-00C04F79EFBC}") = "Crypto2", "Crypto2\Crypto2.csproj", "{3E5EB18D-3640-4952-AF3E-98C55DBE1CA9}"
EndProject
Global
	GlobalSection(SolutionConfigurationPlatforms) = preSolution
		Debug|Any CPU = Debug|Any CPU
		Release|Any CPU = Release|Any CPU
	EndGlobalSection
	GlobalSection(ProjectConfigurationPlatforms) = postSolution
		{C8D368A2-40BC-49F0-88B9-B8F5E726B346}.Debug|Any CPU.ActiveCfg = Debug|Any CPU
		{C8D368A2-40BC-49F0-88B9-B8F5E726B346}.Debug|Any CPU.Build.0 = Debug|Any CPU
		{C8D368A2-40BC-49F0-88B9-B8F5E726B346}.Release|Any CPU.ActiveCfg = Release|Any CPU
		{C8D368A2-40BC-49F0-88B9-B8F5E726B346}.Release|Any CPU.Build.0 = Release|Any CPU
		{3E5EB18D-3640-4952-AF3E-98C55DBE1CA9}.Debug|Any CPU.ActiveCfg = Debug|Any CPU
		{3E5EB18D-3640-4952-AF3E-98C55DBE1CA9}.Debug|Any CPU.Build.0 = Debug|Any CPU
		{3E5EB18D-3640-4952-AF3E-98C55DBE1CA9}.Release|Any CPU.ActiveCfg = Release|Any CPU
		{3E5EB18D-3640-4952-AF3E-98C55DBE1CA9}.Release|Any CPU.Build.0 = Release|Any CPU
	EndGlobalSection
EndGlobal
